
Microsoft Visual Studio Solution File, Format Version 12.00
# Visual Studio Version 17
VisualStudioVersion = 17.0.31903.59
MinimumVisualStudioVersion = 10.0.40219.1
Project("{FAE04EC0-301F-11D3-BF4B-00C04F79EFBC}") = "day01", "day01\day01.csproj", "{5157CB60-F25E-431C-96EA-99CC06291070}"
EndProject
Project("{FAE04EC0-301F-11D3-BF4B-00C04F79EFBC}") = "day02", "day02\day02.csproj", "{6A194905-D18E-4060-99DF-DC03946B6A70}"
EndProject
Project("{FAE04EC0-301F-11D3-BF4B-00C04F79EFBC}") = "day03", "day03\day03.csproj", "{4BC541BB-7FFA-4DB3-B269-5923DAFBC3F1}"
EndProject
Project("{FAE04EC0-301F-11D3-BF4B-00C04F79EFBC}") = "day04", "day04\day04.csproj", "{DA5AE902-A38A-4B30-8402-65172D7542F9}"
EndProject
Project("{FAE04EC0-301F-11D3-BF4B-00C04F79EFBC}") = "day05", "day05\day05.csproj", "{6A4D62FD-0069-4E7F-A8E0-3EE929526CF7}"
EndProject
Project("{FAE04EC0-301F-11D3-BF4B-00C04F79EFBC}") = "day06", "day06\day06.csproj", "{E9E7F246-2313-4724-99BE-2B860251AC37}"
EndProject
Project("{FAE04EC0-301F-11D3-BF4B-00C04F79EFBC}") = "day07", "day07\day07.csproj", "{2784CC90-824F-4676-B9C6-F6FA359D2AC6}"
EndProject
Project("{FAE04EC0-301F-11D3-BF4B-00C04F79EFBC}") = "day08", "day08\day08.csproj", "{D28715CF-F1DF-4D65-BB02-EAC11E42514E}"
EndProject
Project("{FAE04EC0-301F-11D3-BF4B-00C04F79EFBC}") = "day09", "day09\day09.csproj", "{F0FF3657-AB1A-4D31-9DCC-FE3A55FA1EAB}"
EndProject
Project("{FAE04EC0-301F-11D3-BF4B-00C04F79EFBC}") = "day10", "day10\day10.csproj", "{DF60E9EB-1060-4CAC-B791-63370698C260}"
EndProject
Project("{FAE04EC0-301F-11D3-BF4B-00C04F79EFBC}") = "day11", "day11\day11.csproj", "{C0394249-3F6C-4823-9BAF-21608F6F4E7C}"
EndProject
Project("{FAE04EC0-301F-11D3-BF4B-00C04F79EFBC}") = "day12", "day12\day12.csproj", "{1E473337-327F-4DEB-A73A-31FA0F04F676}"
EndProject
Project("{FAE04EC0-301F-11D3-BF4B-00C04F79EFBC}") = "day13", "day13\day13.csproj", "{4ED1FEB3-DA9C-4B0B-B80D-648AFA496FF1}"
EndProject
Project("{FAE04EC0-301F-11D3-BF4B-00C04F79EFBC}") = "day14", "day14\day14.csproj", "{024739E2-5317-49E3-87B1-D949B688A685}"
EndProject
Project("{FAE04EC0-301F-11D3-BF4B-00C04F79EFBC}") = "day15", "day15\day15.csproj", "{6C292690-A966-404E-BDC5-CACE9F0DD787}"
EndProject
Project("{FAE04EC0-301F-11D3-BF4B-00C04F79EFBC}") = "day16", "day16\day16.csproj", "{D5BB2FE8-259A-42A8-BAA4-0852B58E3E3C}"
EndProject
Project("{FAE04EC0-301F-11D3-BF4B-00C04F79EFBC}") = "day17", "day17\day17.csproj", "{578D4A10-FA3C-4C69-B274-A410DD53E38A}"
EndProject
Project("{FAE04EC0-301F-11D3-BF4B-00C04F79EFBC}") = "day18", "day18\day18.csproj", "{BB16DC97-0E74-4A3D-8261-CE1C1ED70FB8}"
EndProject
Project("{FAE04EC0-301F-11D3-BF4B-00C04F79EFBC}") = "day19", "day19\day19.csproj", "{67D425D8-1716-4FE0-9D60-141F60B98ACC}"
EndProject
Project("{FAE04EC0-301F-11D3-BF4B-00C04F79EFBC}") = "day20", "day20\day20.csproj", "{063E465A-30FB-48CD-A925-45C7B73F30C0}"
EndProject
Project("{FAE04EC0-301F-11D3-BF4B-00C04F79EFBC}") = "day21", "day21\day21.csproj", "{233426A2-DD1E-4D33-A058-8FCD36BFA4BF}"
EndProject
Project("{FAE04EC0-301F-11D3-BF4B-00C04F79EFBC}") = "day22", "day22\day22.csproj", "{E21FDE71-C893-4EDF-A41F-48A9E8F81A9B}"
EndProject
Project("{FAE04EC0-301F-11D3-BF4B-00C04F79EFBC}") = "day23", "day23\day23.csproj", "{CAF53199-4F1E-4607-AF70-65D48F665F97}"
EndProject
Project("{FAE04EC0-301F-11D3-BF4B-00C04F79EFBC}") = "day24", "day24\day24.csproj", "{5D61AD0F-D0EC-4CFD-9144-DD407E91BC7C}"
EndProject
Global
	GlobalSection(SolutionConfigurationPlatforms) = preSolution
		Debug|Any CPU = Debug|Any CPU
		Debug|x64 = Debug|x64
		Debug|x86 = Debug|x86
		Release|Any CPU = Release|Any CPU
		Release|x64 = Release|x64
		Release|x86 = Release|x86
	EndGlobalSection
	GlobalSection(ProjectConfigurationPlatforms) = postSolution
		{5157CB60-F25E-431C-96EA-99CC06291070}.Debug|Any CPU.ActiveCfg = Debug|Any CPU
		{5157CB60-F25E-431C-96EA-99CC06291070}.Debug|Any CPU.Build.0 = Debug|Any CPU
		{5157CB60-F25E-431C-96EA-99CC06291070}.Debug|x64.ActiveCfg = Debug|Any CPU
		{5157CB60-F25E-431C-96EA-99CC06291070}.Debug|x64.Build.0 = Debug|Any CPU
		{5157CB60-F25E-431C-96EA-99CC06291070}.Debug|x86.ActiveCfg = Debug|Any CPU
		{5157CB60-F25E-431C-96EA-99CC06291070}.Debug|x86.Build.0 = Debug|Any CPU
		{5157CB60-F25E-431C-96EA-99CC06291070}.Release|Any CPU.ActiveCfg = Release|Any CPU
		{5157CB60-F25E-431C-96EA-99CC06291070}.Release|Any CPU.Build.0 = Release|Any CPU
		{5157CB60-F25E-431C-96EA-99CC06291070}.Release|x64.ActiveCfg = Release|Any CPU
		{5157CB60-F25E-431C-96EA-99CC06291070}.Release|x64.Build.0 = Release|Any CPU
		{5157CB60-F25E-431C-96EA-99CC06291070}.Release|x86.ActiveCfg = Release|Any CPU
		{5157CB60-F25E-431C-96EA-99CC06291070}.Release|x86.Build.0 = Release|Any CPU
		{6A194905-D18E-4060-99DF-DC03946B6A70}.Debug|Any CPU.ActiveCfg = Debug|Any CPU
		{6A194905-D18E-4060-99DF-DC03946B6A70}.Debug|Any CPU.Build.0 = Debug|Any CPU
		{6A194905-D18E-4060-99DF-DC03946B6A70}.Debug|x64.ActiveCfg = Debug|Any CPU
		{6A194905-D18E-4060-99DF-DC03946B6A70}.Debug|x64.Build.0 = Debug|Any CPU
		{6A194905-D18E-4060-99DF-DC03946B6A70}.Debug|x86.ActiveCfg = Debug|Any CPU
		{6A194905-D18E-4060-99DF-DC03946B6A70}.Debug|x86.Build.0 = Debug|Any CPU
		{6A194905-D18E-4060-99DF-DC03946B6A70}.Release|Any CPU.ActiveCfg = Release|Any CPU
		{6A194905-D18E-4060-99DF-DC03946B6A70}.Release|Any CPU.Build.0 = Release|Any CPU
		{6A194905-D18E-4060-99DF-DC03946B6A70}.Release|x64.ActiveCfg = Release|Any CPU
		{6A194905-D18E-4060-99DF-DC03946B6A70}.Release|x64.Build.0 = Release|Any CPU
		{6A194905-D18E-4060-99DF-DC03946B6A70}.Release|x86.ActiveCfg = Release|Any CPU
		{6A194905-D18E-4060-99DF-DC03946B6A70}.Release|x86.Build.0 = Release|Any CPU
		{4BC541BB-7FFA-4DB3-B269-5923DAFBC3F1}.Debug|Any CPU.ActiveCfg = Debug|Any CPU
		{4BC541BB-7FFA-4DB3-B269-5923DAFBC3F1}.Debug|Any CPU.Build.0 = Debug|Any CPU
		{4BC541BB-7FFA-4DB3-B269-5923DAFBC3F1}.Debug|x64.ActiveCfg = Debug|Any CPU
		{4BC541BB-7FFA-4DB3-B269-5923DAFBC3F1}.Debug|x64.Build.0 = Debug|Any CPU
		{4BC541BB-7FFA-4DB3-B269-5923DAFBC3F1}.Debug|x86.ActiveCfg = Debug|Any CPU
		{4BC541BB-7FFA-4DB3-B269-5923DAFBC3F1}.Debug|x86.Build.0 = Debug|Any CPU
		{4BC541BB-7FFA-4DB3-B269-5923DAFBC3F1}.Release|Any CPU.ActiveCfg = Release|Any CPU
		{4BC541BB-7FFA-4DB3-B269-5923DAFBC3F1}.Release|Any CPU.Build.0 = Release|Any CPU
		{4BC541BB-7FFA-4DB3-B269-5923DAFBC3F1}.Release|x64.ActiveCfg = Release|Any CPU
		{4BC541BB-7FFA-4DB3-B269-5923DAFBC3F1}.Release|x64.Build.0 = Release|Any CPU
		{4BC541BB-7FFA-4DB3-B269-5923DAFBC3F1}.Release|x86.ActiveCfg = Release|Any CPU
		{4BC541BB-7FFA-4DB3-B269-5923DAFBC3F1}.Release|x86.Build.0 = Release|Any CPU
		{DA5AE902-A38A-4B30-8402-65172D7542F9}.Debug|Any CPU.ActiveCfg = Debug|Any CPU
		{DA5AE902-A38A-4B30-8402-65172D7542F9}.Debug|Any CPU.Build.0 = Debug|Any CPU
		{DA5AE902-A38A-4B30-8402-65172D7542F9}.Debug|x64.ActiveCfg = Debug|Any CPU
		{DA5AE902-A38A-4B30-8402-65172D7542F9}.Debug|x64.Build.0 = Debug|Any CPU
		{DA5AE902-A38A-4B30-8402-65172D7542F9}.Debug|x86.ActiveCfg = Debug|Any CPU
		{DA5AE902-A38A-4B30-8402-65172D7542F9}.Debug|x86.Build.0 = Debug|Any CPU
		{DA5AE902-A38A-4B30-8402-65172D7542F9}.Release|Any CPU.ActiveCfg = Release|Any CPU
		{DA5AE902-A38A-4B30-8402-65172D7542F9}.Release|Any CPU.Build.0 = Release|Any CPU
		{DA5AE902-A38A-4B30-8402-65172D7542F9}.Release|x64.ActiveCfg = Release|Any CPU
		{DA5AE902-A38A-4B30-8402-65172D7542F9}.Release|x64.Build.0 = Release|Any CPU
		{DA5AE902-A38A-4B30-8402-65172D7542F9}.Release|x86.ActiveCfg = Release|Any CPU
		{DA5AE902-A38A-4B30-8402-65172D7542F9}.Release|x86.Build.0 = Release|Any CPU
		{6A4D62FD-0069-4E7F-A8E0-3EE929526CF7}.Debug|Any CPU.ActiveCfg = Debug|Any CPU
		{6A4D62FD-0069-4E7F-A8E0-3EE929526CF7}.Debug|Any CPU.Build.0 = Debug|Any CPU
		{6A4D62FD-0069-4E7F-A8E0-3EE929526CF7}.Debug|x64.ActiveCfg = Debug|Any CPU
		{6A4D62FD-0069-4E7F-A8E0-3EE929526CF7}.Debug|x64.Build.0 = Debug|Any CPU
		{6A4D62FD-0069-4E7F-A8E0-3EE929526CF7}.Debug|x86.ActiveCfg = Debug|Any CPU
		{6A4D62FD-0069-4E7F-A8E0-3EE929526CF7}.Debug|x86.Build.0 = Debug|Any CPU
		{6A4D62FD-0069-4E7F-A8E0-3EE929526CF7}.Release|Any CPU.ActiveCfg = Release|Any CPU
		{6A4D62FD-0069-4E7F-A8E0-3EE929526CF7}.Release|Any CPU.Build.0 = Release|Any CPU
		{6A4D62FD-0069-4E7F-A8E0-3EE929526CF7}.Release|x64.ActiveCfg = Release|Any CPU
		{6A4D62FD-0069-4E7F-A8E0-3EE929526CF7}.Release|x64.Build.0 = Release|Any CPU
		{6A4D62FD-0069-4E7F-A8E0-3EE929526CF7}.Release|x86.ActiveCfg = Release|Any CPU
		{6A4D62FD-0069-4E7F-A8E0-3EE929526CF7}.Release|x86.Build.0 = Release|Any CPU
		{E9E7F246-2313-4724-99BE-2B860251AC37}.Debug|Any CPU.ActiveCfg = Debug|Any CPU
		{E9E7F246-2313-4724-99BE-2B860251AC37}.Debug|Any CPU.Build.0 = Debug|Any CPU
		{E9E7F246-2313-4724-99BE-2B860251AC37}.Debug|x64.ActiveCfg = Debug|Any CPU
		{E9E7F246-2313-4724-99BE-2B860251AC37}.Debug|x64.Build.0 = Debug|Any CPU
		{E9E7F246-2313-4724-99BE-2B860251AC37}.Debug|x86.ActiveCfg = Debug|Any CPU
		{E9E7F246-2313-4724-99BE-2B860251AC37}.Debug|x86.Build.0 = Debug|Any CPU
		{E9E7F246-2313-4724-99BE-2B860251AC37}.Release|Any CPU.ActiveCfg = Release|Any CPU
		{E9E7F246-2313-4724-99BE-2B860251AC37}.Release|Any CPU.Build.0 = Release|Any CPU
		{E9E7F246-2313-4724-99BE-2B860251AC37}.Release|x64.ActiveCfg = Release|Any CPU
		{E9E7F246-2313-4724-99BE-2B860251AC37}.Release|x64.Build.0 = Release|Any CPU
		{E9E7F246-2313-4724-99BE-2B860251AC37}.Release|x86.ActiveCfg = Release|Any CPU
		{E9E7F246-2313-4724-99BE-2B860251AC37}.Release|x86.Build.0 = Release|Any CPU
		{2784CC90-824F-4676-B9C6-F6FA359D2AC6}.Debug|Any CPU.ActiveCfg = Debug|Any CPU
		{2784CC90-824F-4676-B9C6-F6FA359D2AC6}.Debug|Any CPU.Build.0 = Debug|Any CPU
		{2784CC90-824F-4676-B9C6-F6FA359D2AC6}.Debug|x64.ActiveCfg = Debug|Any CPU
		{2784CC90-824F-4676-B9C6-F6FA359D2AC6}.Debug|x64.Build.0 = Debug|Any CPU
		{2784CC90-824F-4676-B9C6-F6FA359D2AC6}.Debug|x86.ActiveCfg = Debug|Any CPU
		{2784CC90-824F-4676-B9C6-F6FA359D2AC6}.Debug|x86.Build.0 = Debug|Any CPU
		{2784CC90-824F-4676-B9C6-F6FA359D2AC6}.Release|Any CPU.ActiveCfg = Release|Any CPU
		{2784CC90-824F-4676-B9C6-F6FA359D2AC6}.Release|Any CPU.Build.0 = Release|Any CPU
		{2784CC90-824F-4676-B9C6-F6FA359D2AC6}.Release|x64.ActiveCfg = Release|Any CPU
		{2784CC90-824F-4676-B9C6-F6FA359D2AC6}.Release|x64.Build.0 = Release|Any CPU
		{2784CC90-824F-4676-B9C6-F6FA359D2AC6}.Release|x86.ActiveCfg = Release|Any CPU
		{2784CC90-824F-4676-B9C6-F6FA359D2AC6}.Release|x86.Build.0 = Release|Any CPU
		{D28715CF-F1DF-4D65-BB02-EAC11E42514E}.Debug|Any CPU.ActiveCfg = Debug|Any CPU
		{D28715CF-F1DF-4D65-BB02-EAC11E42514E}.Debug|Any CPU.Build.0 = Debug|Any CPU
		{D28715CF-F1DF-4D65-BB02-EAC11E42514E}.Debug|x64.ActiveCfg = Debug|Any CPU
		{D28715CF-F1DF-4D65-BB02-EAC11E42514E}.Debug|x64.Build.0 = Debug|Any CPU
		{D28715CF-F1DF-4D65-BB02-EAC11E42514E}.Debug|x86.ActiveCfg = Debug|Any CPU
		{D28715CF-F1DF-4D65-BB02-EAC11E42514E}.Debug|x86.Build.0 = Debug|Any CPU
		{D28715CF-F1DF-4D65-BB02-EAC11E42514E}.Release|Any CPU.ActiveCfg = Release|Any CPU
		{D28715CF-F1DF-4D65-BB02-EAC11E42514E}.Release|Any CPU.Build.0 = Release|Any CPU
		{D28715CF-F1DF-4D65-BB02-EAC11E42514E}.Release|x64.ActiveCfg = Release|Any CPU
		{D28715CF-F1DF-4D65-BB02-EAC11E42514E}.Release|x64.Build.0 = Release|Any CPU
		{D28715CF-F1DF-4D65-BB02-EAC11E42514E}.Release|x86.ActiveCfg = Release|Any CPU
		{D28715CF-F1DF-4D65-BB02-EAC11E42514E}.Release|x86.Build.0 = Release|Any CPU
		{F0FF3657-AB1A-4D31-9DCC-FE3A55FA1EAB}.Debug|Any CPU.ActiveCfg = Debug|Any CPU
		{F0FF3657-AB1A-4D31-9DCC-FE3A55FA1EAB}.Debug|Any CPU.Build.0 = Debug|Any CPU
		{F0FF3657-AB1A-4D31-9DCC-FE3A55FA1EAB}.Debug|x64.ActiveCfg = Debug|Any CPU
		{F0FF3657-AB1A-4D31-9DCC-FE3A55FA1EAB}.Debug|x64.Build.0 = Debug|Any CPU
		{F0FF3657-AB1A-4D31-9DCC-FE3A55FA1EAB}.Debug|x86.ActiveCfg = Debug|Any CPU
		{F0FF3657-AB1A-4D31-9DCC-FE3A55FA1EAB}.Debug|x86.Build.0 = Debug|Any CPU
		{F0FF3657-AB1A-4D31-9DCC-FE3A55FA1EAB}.Release|Any CPU.ActiveCfg = Release|Any CPU
		{F0FF3657-AB1A-4D31-9DCC-FE3A55FA1EAB}.Release|Any CPU.Build.0 = Release|Any CPU
		{F0FF3657-AB1A-4D31-9DCC-FE3A55FA1EAB}.Release|x64.ActiveCfg = Release|Any CPU
		{F0FF3657-AB1A-4D31-9DCC-FE3A55FA1EAB}.Release|x64.Build.0 = Release|Any CPU
		{F0FF3657-AB1A-4D31-9DCC-FE3A55FA1EAB}.Release|x86.ActiveCfg = Release|Any CPU
		{F0FF3657-AB1A-4D31-9DCC-FE3A55FA1EAB}.Release|x86.Build.0 = Release|Any CPU
		{DF60E9EB-1060-4CAC-B791-63370698C260}.Debug|Any CPU.ActiveCfg = Debug|Any CPU
		{DF60E9EB-1060-4CAC-B791-63370698C260}.Debug|Any CPU.Build.0 = Debug|Any CPU
		{DF60E9EB-1060-4CAC-B791-63370698C260}.Debug|x64.ActiveCfg = Debug|Any CPU
		{DF60E9EB-1060-4CAC-B791-63370698C260}.Debug|x64.Build.0 = Debug|Any CPU
		{DF60E9EB-1060-4CAC-B791-63370698C260}.Debug|x86.ActiveCfg = Debug|Any CPU
		{DF60E9EB-1060-4CAC-B791-63370698C260}.Debug|x86.Build.0 = Debug|Any CPU
		{DF60E9EB-1060-4CAC-B791-63370698C260}.Release|Any CPU.ActiveCfg = Release|Any CPU
		{DF60E9EB-1060-4CAC-B791-63370698C260}.Release|Any CPU.Build.0 = Release|Any CPU
		{DF60E9EB-1060-4CAC-B791-63370698C260}.Release|x64.ActiveCfg = Release|Any CPU
		{DF60E9EB-1060-4CAC-B791-63370698C260}.Release|x64.Build.0 = Release|Any CPU
		{DF60E9EB-1060-4CAC-B791-63370698C260}.Release|x86.ActiveCfg = Release|Any CPU
		{DF60E9EB-1060-4CAC-B791-63370698C260}.Release|x86.Build.0 = Release|Any CPU
		{C0394249-3F6C-4823-9BAF-21608F6F4E7C}.Debug|Any CPU.ActiveCfg = Debug|Any CPU
		{C0394249-3F6C-4823-9BAF-21608F6F4E7C}.Debug|Any CPU.Build.0 = Debug|Any CPU
		{C0394249-3F6C-4823-9BAF-21608F6F4E7C}.Debug|x64.ActiveCfg = Debug|Any CPU
		{C0394249-3F6C-4823-9BAF-21608F6F4E7C}.Debug|x64.Build.0 = Debug|Any CPU
		{C0394249-3F6C-4823-9BAF-21608F6F4E7C}.Debug|x86.ActiveCfg = Debug|Any CPU
		{C0394249-3F6C-4823-9BAF-21608F6F4E7C}.Debug|x86.Build.0 = Debug|Any CPU
		{C0394249-3F6C-4823-9BAF-21608F6F4E7C}.Release|Any CPU.ActiveCfg = Release|Any CPU
		{C0394249-3F6C-4823-9BAF-21608F6F4E7C}.Release|Any CPU.Build.0 = Release|Any CPU
		{C0394249-3F6C-4823-9BAF-21608F6F4E7C}.Release|x64.ActiveCfg = Release|Any CPU
		{C0394249-3F6C-4823-9BAF-21608F6F4E7C}.Release|x64.Build.0 = Release|Any CPU
		{C0394249-3F6C-4823-9BAF-21608F6F4E7C}.Release|x86.ActiveCfg = Release|Any CPU
		{C0394249-3F6C-4823-9BAF-21608F6F4E7C}.Release|x86.Build.0 = Release|Any CPU
		{1E473337-327F-4DEB-A73A-31FA0F04F676}.Debug|Any CPU.ActiveCfg = Debug|Any CPU
		{1E473337-327F-4DEB-A73A-31FA0F04F676}.Debug|Any CPU.Build.0 = Debug|Any CPU
		{1E473337-327F-4DEB-A73A-31FA0F04F676}.Debug|x64.ActiveCfg = Debug|Any CPU
		{1E473337-327F-4DEB-A73A-31FA0F04F676}.Debug|x64.Build.0 = Debug|Any CPU
		{1E473337-327F-4DEB-A73A-31FA0F04F676}.Debug|x86.ActiveCfg = Debug|Any CPU
		{1E473337-327F-4DEB-A73A-31FA0F04F676}.Debug|x86.Build.0 = Debug|Any CPU
		{1E473337-327F-4DEB-A73A-31FA0F04F676}.Release|Any CPU.ActiveCfg = Release|Any CPU
		{1E473337-327F-4DEB-A73A-31FA0F04F676}.Release|Any CPU.Build.0 = Release|Any CPU
		{1E473337-327F-4DEB-A73A-31FA0F04F676}.Release|x64.ActiveCfg = Release|Any CPU
		{1E473337-327F-4DEB-A73A-31FA0F04F676}.Release|x64.Build.0 = Release|Any CPU
		{1E473337-327F-4DEB-A73A-31FA0F04F676}.Release|x86.ActiveCfg = Release|Any CPU
		{1E473337-327F-4DEB-A73A-31FA0F04F676}.Release|x86.Build.0 = Release|Any CPU
		{4ED1FEB3-DA9C-4B0B-B80D-648AFA496FF1}.Debug|Any CPU.ActiveCfg = Debug|Any CPU
		{4ED1FEB3-DA9C-4B0B-B80D-648AFA496FF1}.Debug|Any CPU.Build.0 = Debug|Any CPU
		{4ED1FEB3-DA9C-4B0B-B80D-648AFA496FF1}.Debug|x64.ActiveCfg = Debug|Any CPU
		{4ED1FEB3-DA9C-4B0B-B80D-648AFA496FF1}.Debug|x64.Build.0 = Debug|Any CPU
		{4ED1FEB3-DA9C-4B0B-B80D-648AFA496FF1}.Debug|x86.ActiveCfg = Debug|Any CPU
		{4ED1FEB3-DA9C-4B0B-B80D-648AFA496FF1}.Debug|x86.Build.0 = Debug|Any CPU
		{4ED1FEB3-DA9C-4B0B-B80D-648AFA496FF1}.Release|Any CPU.ActiveCfg = Release|Any CPU
		{4ED1FEB3-DA9C-4B0B-B80D-648AFA496FF1}.Release|Any CPU.Build.0 = Release|Any CPU
		{4ED1FEB3-DA9C-4B0B-B80D-648AFA496FF1}.Release|x64.ActiveCfg = Release|Any CPU
		{4ED1FEB3-DA9C-4B0B-B80D-648AFA496FF1}.Release|x64.Build.0 = Release|Any CPU
		{4ED1FEB3-DA9C-4B0B-B80D-648AFA496FF1}.Release|x86.ActiveCfg = Release|Any CPU
		{4ED1FEB3-DA9C-4B0B-B80D-648AFA496FF1}.Release|x86.Build.0 = Release|Any CPU
		{024739E2-5317-49E3-87B1-D949B688A685}.Debug|Any CPU.ActiveCfg = Debug|Any CPU
		{024739E2-5317-49E3-87B1-D949B688A685}.Debug|Any CPU.Build.0 = Debug|Any CPU
		{024739E2-5317-49E3-87B1-D949B688A685}.Debug|x64.ActiveCfg = Debug|Any CPU
		{024739E2-5317-49E3-87B1-D949B688A685}.Debug|x64.Build.0 = Debug|Any CPU
		{024739E2-5317-49E3-87B1-D949B688A685}.Debug|x86.ActiveCfg = Debug|Any CPU
		{024739E2-5317-49E3-87B1-D949B688A685}.Debug|x86.Build.0 = Debug|Any CPU
		{024739E2-5317-49E3-87B1-D949B688A685}.Release|Any CPU.ActiveCfg = Release|Any CPU
		{024739E2-5317-49E3-87B1-D949B688A685}.Release|Any CPU.Build.0 = Release|Any CPU
		{024739E2-5317-49E3-87B1-D949B688A685}.Release|x64.ActiveCfg = Release|Any CPU
		{024739E2-5317-49E3-87B1-D949B688A685}.Release|x64.Build.0 = Release|Any CPU
		{024739E2-5317-49E3-87B1-D949B688A685}.Release|x86.ActiveCfg = Release|Any CPU
		{024739E2-5317-49E3-87B1-D949B688A685}.Release|x86.Build.0 = Release|Any CPU
		{6C292690-A966-404E-BDC5-CACE9F0DD787}.Debug|Any CPU.ActiveCfg = Debug|Any CPU
		{6C292690-A966-404E-BDC5-CACE9F0DD787}.Debug|Any CPU.Build.0 = Debug|Any CPU
		{6C292690-A966-404E-BDC5-CACE9F0DD787}.Debug|x64.ActiveCfg = Debug|Any CPU
		{6C292690-A966-404E-BDC5-CACE9F0DD787}.Debug|x64.Build.0 = Debug|Any CPU
		{6C292690-A966-404E-BDC5-CACE9F0DD787}.Debug|x86.ActiveCfg = Debug|Any CPU
		{6C292690-A966-404E-BDC5-CACE9F0DD787}.Debug|x86.Build.0 = Debug|Any CPU
		{6C292690-A966-404E-BDC5-CACE9F0DD787}.Release|Any CPU.ActiveCfg = Release|Any CPU
		{6C292690-A966-404E-BDC5-CACE9F0DD787}.Release|Any CPU.Build.0 = Release|Any CPU
		{6C292690-A966-404E-BDC5-CACE9F0DD787}.Release|x64.ActiveCfg = Release|Any CPU
		{6C292690-A966-404E-BDC5-CACE9F0DD787}.Release|x64.Build.0 = Release|Any CPU
		{6C292690-A966-404E-BDC5-CACE9F0DD787}.Release|x86.ActiveCfg = Release|Any CPU
		{6C292690-A966-404E-BDC5-CACE9F0DD787}.Release|x86.Build.0 = Release|Any CPU
		{D5BB2FE8-259A-42A8-BAA4-0852B58E3E3C}.Debug|Any CPU.ActiveCfg = Debug|Any CPU
		{D5BB2FE8-259A-42A8-BAA4-0852B58E3E3C}.Debug|Any CPU.Build.0 = Debug|Any CPU
		{D5BB2FE8-259A-42A8-BAA4-0852B58E3E3C}.Debug|x64.ActiveCfg = Debug|Any CPU
		{D5BB2FE8-259A-42A8-BAA4-0852B58E3E3C}.Debug|x64.Build.0 = Debug|Any CPU
		{D5BB2FE8-259A-42A8-BAA4-0852B58E3E3C}.Debug|x86.ActiveCfg = Debug|Any CPU
		{D5BB2FE8-259A-42A8-BAA4-0852B58E3E3C}.Debug|x86.Build.0 = Debug|Any CPU
		{D5BB2FE8-259A-42A8-BAA4-0852B58E3E3C}.Release|Any CPU.ActiveCfg = Release|Any CPU
		{D5BB2FE8-259A-42A8-BAA4-0852B58E3E3C}.Release|Any CPU.Build.0 = Release|Any CPU
		{D5BB2FE8-259A-42A8-BAA4-0852B58E3E3C}.Release|x64.ActiveCfg = Release|Any CPU
		{D5BB2FE8-259A-42A8-BAA4-0852B58E3E3C}.Release|x64.Build.0 = Release|Any CPU
		{D5BB2FE8-259A-42A8-BAA4-0852B58E3E3C}.Release|x86.ActiveCfg = Release|Any CPU
		{D5BB2FE8-259A-42A8-BAA4-0852B58E3E3C}.Release|x86.Build.0 = Release|Any CPU
		{578D4A10-FA3C-4C69-B274-A410DD53E38A}.Debug|Any CPU.ActiveCfg = Debug|Any CPU
		{578D4A10-FA3C-4C69-B274-A410DD53E38A}.Debug|Any CPU.Build.0 = Debug|Any CPU
		{578D4A10-FA3C-4C69-B274-A410DD53E38A}.Debug|x64.ActiveCfg = Debug|Any CPU
		{578D4A10-FA3C-4C69-B274-A410DD53E38A}.Debug|x64.Build.0 = Debug|Any CPU
		{578D4A10-FA3C-4C69-B274-A410DD53E38A}.Debug|x86.ActiveCfg = Debug|Any CPU
		{578D4A10-FA3C-4C69-B274-A410DD53E38A}.Debug|x86.Build.0 = Debug|Any CPU
		{578D4A10-FA3C-4C69-B274-A410DD53E38A}.Release|Any CPU.ActiveCfg = Release|Any CPU
		{578D4A10-FA3C-4C69-B274-A410DD53E38A}.Release|Any CPU.Build.0 = Release|Any CPU
		{578D4A10-FA3C-4C69-B274-A410DD53E38A}.Release|x64.ActiveCfg = Release|Any CPU
		{578D4A10-FA3C-4C69-B274-A410DD53E38A}.Release|x64.Build.0 = Release|Any CPU
		{578D4A10-FA3C-4C69-B274-A410DD53E38A}.Release|x86.ActiveCfg = Release|Any CPU
		{578D4A10-FA3C-4C69-B274-A410DD53E38A}.Release|x86.Build.0 = Release|Any CPU
		{BB16DC97-0E74-4A3D-8261-CE1C1ED70FB8}.Debug|Any CPU.ActiveCfg = Debug|Any CPU
		{BB16DC97-0E74-4A3D-8261-CE1C1ED70FB8}.Debug|Any CPU.Build.0 = Debug|Any CPU
		{BB16DC97-0E74-4A3D-8261-CE1C1ED70FB8}.Debug|x64.ActiveCfg = Debug|Any CPU
		{BB16DC97-0E74-4A3D-8261-CE1C1ED70FB8}.Debug|x64.Build.0 = Debug|Any CPU
		{BB16DC97-0E74-4A3D-8261-CE1C1ED70FB8}.Debug|x86.ActiveCfg = Debug|Any CPU
		{BB16DC97-0E74-4A3D-8261-CE1C1ED70FB8}.Debug|x86.Build.0 = Debug|Any CPU
		{BB16DC97-0E74-4A3D-8261-CE1C1ED70FB8}.Release|Any CPU.ActiveCfg = Release|Any CPU
		{BB16DC97-0E74-4A3D-8261-CE1C1ED70FB8}.Release|Any CPU.Build.0 = Release|Any CPU
		{BB16DC97-0E74-4A3D-8261-CE1C1ED70FB8}.Release|x64.ActiveCfg = Release|Any CPU
		{BB16DC97-0E74-4A3D-8261-CE1C1ED70FB8}.Release|x64.Build.0 = Release|Any CPU
		{BB16DC97-0E74-4A3D-8261-CE1C1ED70FB8}.Release|x86.ActiveCfg = Release|Any CPU
		{BB16DC97-0E74-4A3D-8261-CE1C1ED70FB8}.Release|x86.Build.0 = Release|Any CPU
		{67D425D8-1716-4FE0-9D60-141F60B98ACC}.Debug|Any CPU.ActiveCfg = Debug|Any CPU
		{67D425D8-1716-4FE0-9D60-141F60B98ACC}.Debug|Any CPU.Build.0 = Debug|Any CPU
		{67D425D8-1716-4FE0-9D60-141F60B98ACC}.Debug|x64.ActiveCfg = Debug|Any CPU
		{67D425D8-1716-4FE0-9D60-141F60B98ACC}.Debug|x64.Build.0 = Debug|Any CPU
		{67D425D8-1716-4FE0-9D60-141F60B98ACC}.Debug|x86.ActiveCfg = Debug|Any CPU
		{67D425D8-1716-4FE0-9D60-141F60B98ACC}.Debug|x86.Build.0 = Debug|Any CPU
		{67D425D8-1716-4FE0-9D60-141F60B98ACC}.Release|Any CPU.ActiveCfg = Release|Any CPU
		{67D425D8-1716-4FE0-9D60-141F60B98ACC}.Release|Any CPU.Build.0 = Release|Any CPU
		{67D425D8-1716-4FE0-9D60-141F60B98ACC}.Release|x64.ActiveCfg = Release|Any CPU
		{67D425D8-1716-4FE0-9D60-141F60B98ACC}.Release|x64.Build.0 = Release|Any CPU
		{67D425D8-1716-4FE0-9D60-141F60B98ACC}.Release|x86.ActiveCfg = Release|Any CPU
		{67D425D8-1716-4FE0-9D60-141F60B98ACC}.Release|x86.Build.0 = Release|Any CPU
		{063E465A-30FB-48CD-A925-45C7B73F30C0}.Debug|Any CPU.ActiveCfg = Debug|Any CPU
		{063E465A-30FB-48CD-A925-45C7B73F30C0}.Debug|Any CPU.Build.0 = Debug|Any CPU
		{063E465A-30FB-48CD-A925-45C7B73F30C0}.Debug|x64.ActiveCfg = Debug|Any CPU
		{063E465A-30FB-48CD-A925-45C7B73F30C0}.Debug|x64.Build.0 = Debug|Any CPU
		{063E465A-30FB-48CD-A925-45C7B73F30C0}.Debug|x86.ActiveCfg = Debug|Any CPU
		{063E465A-30FB-48CD-A925-45C7B73F30C0}.Debug|x86.Build.0 = Debug|Any CPU
		{063E465A-30FB-48CD-A925-45C7B73F30C0}.Release|Any CPU.ActiveCfg = Release|Any CPU
		{063E465A-30FB-48CD-A925-45C7B73F30C0}.Release|Any CPU.Build.0 = Release|Any CPU
		{063E465A-30FB-48CD-A925-45C7B73F30C0}.Release|x64.ActiveCfg = Release|Any CPU
		{063E465A-30FB-48CD-A925-45C7B73F30C0}.Release|x64.Build.0 = Release|Any CPU
		{063E465A-30FB-48CD-A925-45C7B73F30C0}.Release|x86.ActiveCfg = Release|Any CPU
		{063E465A-30FB-48CD-A925-45C7B73F30C0}.Release|x86.Build.0 = Release|Any CPU
		{233426A2-DD1E-4D33-A058-8FCD36BFA4BF}.Debug|Any CPU.ActiveCfg = Debug|Any CPU
		{233426A2-DD1E-4D33-A058-8FCD36BFA4BF}.Debug|Any CPU.Build.0 = Debug|Any CPU
		{233426A2-DD1E-4D33-A058-8FCD36BFA4BF}.Debug|x64.ActiveCfg = Debug|Any CPU
		{233426A2-DD1E-4D33-A058-8FCD36BFA4BF}.Debug|x64.Build.0 = Debug|Any CPU
		{233426A2-DD1E-4D33-A058-8FCD36BFA4BF}.Debug|x86.ActiveCfg = Debug|Any CPU
		{233426A2-DD1E-4D33-A058-8FCD36BFA4BF}.Debug|x86.Build.0 = Debug|Any CPU
		{233426A2-DD1E-4D33-A058-8FCD36BFA4BF}.Release|Any CPU.ActiveCfg = Release|Any CPU
		{233426A2-DD1E-4D33-A058-8FCD36BFA4BF}.Release|Any CPU.Build.0 = Release|Any CPU
		{233426A2-DD1E-4D33-A058-8FCD36BFA4BF}.Release|x64.ActiveCfg = Release|Any CPU
		{233426A2-DD1E-4D33-A058-8FCD36BFA4BF}.Release|x64.Build.0 = Release|Any CPU
		{233426A2-DD1E-4D33-A058-8FCD36BFA4BF}.Release|x86.ActiveCfg = Release|Any CPU
		{233426A2-DD1E-4D33-A058-8FCD36BFA4BF}.Release|x86.Build.0 = Release|Any CPU
		{E21FDE71-C893-4EDF-A41F-48A9E8F81A9B}.Debug|Any CPU.ActiveCfg = Debug|Any CPU
		{E21FDE71-C893-4EDF-A41F-48A9E8F81A9B}.Debug|Any CPU.Build.0 = Debug|Any CPU
		{E21FDE71-C893-4EDF-A41F-48A9E8F81A9B}.Debug|x64.ActiveCfg = Debug|Any CPU
		{E21FDE71-C893-4EDF-A41F-48A9E8F81A9B}.Debug|x64.Build.0 = Debug|Any CPU
		{E21FDE71-C893-4EDF-A41F-48A9E8F81A9B}.Debug|x86.ActiveCfg = Debug|Any CPU
		{E21FDE71-C893-4EDF-A41F-48A9E8F81A9B}.Debug|x86.Build.0 = Debug|Any CPU
		{E21FDE71-C893-4EDF-A41F-48A9E8F81A9B}.Release|Any CPU.ActiveCfg = Release|Any CPU
		{E21FDE71-C893-4EDF-A41F-48A9E8F81A9B}.Release|Any CPU.Build.0 = Release|Any CPU
		{E21FDE71-C893-4EDF-A41F-48A9E8F81A9B}.Release|x64.ActiveCfg = Release|Any CPU
		{E21FDE71-C893-4EDF-A41F-48A9E8F81A9B}.Release|x64.Build.0 = Release|Any CPU
		{E21FDE71-C893-4EDF-A41F-48A9E8F81A9B}.Release|x86.ActiveCfg = Release|Any CPU
		{E21FDE71-C893-4EDF-A41F-48A9E8F81A9B}.Release|x86.Build.0 = Release|Any CPU
		{CAF53199-4F1E-4607-AF70-65D48F665F97}.Debug|Any CPU.ActiveCfg = Debug|Any CPU
		{CAF53199-4F1E-4607-AF70-65D48F665F97}.Debug|Any CPU.Build.0 = Debug|Any CPU
		{CAF53199-4F1E-4607-AF70-65D48F665F97}.Debug|x64.ActiveCfg = Debug|Any CPU
		{CAF53199-4F1E-4607-AF70-65D48F665F97}.Debug|x64.Build.0 = Debug|Any CPU
		{CAF53199-4F1E-4607-AF70-65D48F665F97}.Debug|x86.ActiveCfg = Debug|Any CPU
		{CAF53199-4F1E-4607-AF70-65D48F665F97}.Debug|x86.Build.0 = Debug|Any CPU
		{CAF53199-4F1E-4607-AF70-65D48F665F97}.Release|Any CPU.ActiveCfg = Release|Any CPU
		{CAF53199-4F1E-4607-AF70-65D48F665F97}.Release|Any CPU.Build.0 = Release|Any CPU
		{CAF53199-4F1E-4607-AF70-65D48F665F97}.Release|x64.ActiveCfg = Release|Any CPU
		{CAF53199-4F1E-4607-AF70-65D48F665F97}.Release|x64.Build.0 = Release|Any CPU
		{CAF53199-4F1E-4607-AF70-65D48F665F97}.Release|x86.ActiveCfg = Release|Any CPU
		{CAF53199-4F1E-4607-AF70-65D48F665F97}.Release|x86.Build.0 = Release|Any CPU
		{5D61AD0F-D0EC-4CFD-9144-DD407E91BC7C}.Debug|Any CPU.ActiveCfg = Debug|Any CPU
		{5D61AD0F-D0EC-4CFD-9144-DD407E91BC7C}.Debug|Any CPU.Build.0 = Debug|Any CPU
		{5D61AD0F-D0EC-4CFD-9144-DD407E91BC7C}.Debug|x64.ActiveCfg = Debug|Any CPU
		{5D61AD0F-D0EC-4CFD-9144-DD407E91BC7C}.Debug|x64.Build.0 = Debug|Any CPU
		{5D61AD0F-D0EC-4CFD-9144-DD407E91BC7C}.Debug|x86.ActiveCfg = Debug|Any CPU
		{5D61AD0F-D0EC-4CFD-9144-DD407E91BC7C}.Debug|x86.Build.0 = Debug|Any CPU
		{5D61AD0F-D0EC-4CFD-9144-DD407E91BC7C}.Release|Any CPU.ActiveCfg = Release|Any CPU
		{5D61AD0F-D0EC-4CFD-9144-DD407E91BC7C}.Release|Any CPU.Build.0 = Release|Any CPU
		{5D61AD0F-D0EC-4CFD-9144-DD407E91BC7C}.Release|x64.ActiveCfg = Release|Any CPU
		{5D61AD0F-D0EC-4CFD-9144-DD407E91BC7C}.Release|x64.Build.0 = Release|Any CPU
		{5D61AD0F-D0EC-4CFD-9144-DD407E91BC7C}.Release|x86.ActiveCfg = Release|Any CPU
		{5D61AD0F-D0EC-4CFD-9144-DD407E91BC7C}.Release|x86.Build.0 = Release|Any CPU
	EndGlobalSection
	GlobalSection(SolutionProperties) = preSolution
		HideSolutionNode = FALSE
	EndGlobalSection
EndGlobal
